
Microsoft Visual Studio Solution File, Format Version 12.00
# Visual Studio Version 17
VisualStudioVersion = 17.10.35013.160
MinimumVisualStudioVersion = 10.0.40219.1
Project("{FAE04EC0-301F-11D3-BF4B-00C04F79EFBC}") = "W18_HW_114", "W18_HW_114\W18_HW_114.csproj", "{ACF121B1-AFD4-4BF2-93C6-8085AD10CEE9}"
EndProject
Global
	GlobalSection(SolutionConfigurationPlatforms) = preSolution
		Debug|Any CPU = Debug|Any CPU
		Release|Any CPU = Release|Any CPU
	EndGlobalSection
	GlobalSection(ProjectConfigurationPlatforms) = postSolution
		{ACF121B1-AFD4-4BF2-93C6-8085AD10CEE9}.Debug|Any CPU.ActiveCfg = Debug|Any CPU
		{ACF121B1-AFD4-4BF2-93C6-8085AD10CEE9}.Debug|Any CPU.Build.0 = Debug|Any CPU
		{ACF121B1-AFD4-4BF2-93C6-8085AD10CEE9}.Release|Any CPU.ActiveCfg = Release|Any CPU
		{ACF121B1-AFD4-4BF2-93C6-8085AD10CEE9}.Release|Any CPU.Build.0 = Release|Any CPU
	EndGlobalSection
	GlobalSection(SolutionProperties) = preSolution
		HideSolutionNode = FALSE
	EndGlobalSection
	GlobalSection(ExtensibilityGlobals) = postSolution
		SolutionGuid = {91DB35A4-2332-482B-AA1B-ECD3B3A93B31}
	EndGlobalSection
EndGlobal
